
Microsoft Visual Studio Solution File, Format Version 12.00
# Visual Studio Version 16
VisualStudioVersion = 16.0.31911.196
MinimumVisualStudioVersion = 10.0.40219.1
Project("{FAE04EC0-301F-11D3-BF4B-00C04F79EFBC}") = "CQRS", "CQRS\CQRS.csproj", "{3F693795-B18A-464F-8849-84C151579B60}"
EndProject
Project("{FAE04EC0-301F-11D3-BF4B-00C04F79EFBC}") = "CQRS.Database", "CQRS.Database\CQRS.Database.csproj", "{B89F71D8-7D38-4480-A1EA-7A7A9C5E0E0E}"
EndProject
Project("{FAE04EC0-301F-11D3-BF4B-00C04F79EFBC}") = "CQRS.BLL", "CQRS.BLL\CQRS.BLL.csproj", "{31351236-B268-4CBE-9E82-875BCDA77043}"
EndProject
Global
	GlobalSection(SolutionConfigurationPlatforms) = preSolution
		Debug|Any CPU = Debug|Any CPU
		Release|Any CPU = Release|Any CPU
	EndGlobalSection
	GlobalSection(ProjectConfigurationPlatforms) = postSolution
		{3F693795-B18A-464F-8849-84C151579B60}.Debug|Any CPU.ActiveCfg = Debug|Any CPU
		{3F693795-B18A-464F-8849-84C151579B60}.Debug|Any CPU.Build.0 = Debug|Any CPU
		{3F693795-B18A-464F-8849-84C151579B60}.Release|Any CPU.ActiveCfg = Release|Any CPU
		{3F693795-B18A-464F-8849-84C151579B60}.Release|Any CPU.Build.0 = Release|Any CPU
		{B89F71D8-7D38-4480-A1EA-7A7A9C5E0E0E}.Debug|Any CPU.ActiveCfg = Debug|Any CPU
		{B89F71D8-7D38-4480-A1EA-7A7A9C5E0E0E}.Debug|Any CPU.Build.0 = Debug|Any CPU
		{B89F71D8-7D38-4480-A1EA-7A7A9C5E0E0E}.Release|Any CPU.ActiveCfg = Release|Any CPU
		{B89F71D8-7D38-4480-A1EA-7A7A9C5E0E0E}.Release|Any CPU.Build.0 = Release|Any CPU
		{31351236-B268-4CBE-9E82-875BCDA77043}.Debug|Any CPU.ActiveCfg = Debug|Any CPU
		{31351236-B268-4CBE-9E82-875BCDA77043}.Debug|Any CPU.Build.0 = Debug|Any CPU
		{31351236-B268-4CBE-9E82-875BCDA77043}.Release|Any CPU.ActiveCfg = Release|Any CPU
		{31351236-B268-4CBE-9E82-875BCDA77043}.Release|Any CPU.Build.0 = Release|Any CPU
	EndGlobalSection
	GlobalSection(SolutionProperties) = preSolution
		HideSolutionNode = FALSE
	EndGlobalSection
	GlobalSection(ExtensibilityGlobals) = postSolution
		SolutionGuid = {1970F787-FA89-416D-9FBC-BBFDF6745DB9}
	EndGlobalSection
EndGlobal
